
Microsoft Visual Studio Solution File, Format Version 12.00
# Visual Studio 14
VisualStudioVersion = 14.0.24720.0
MinimumVisualStudioVersion = 10.0.40219.1
Project("{FAE04EC0-301F-11D3-BF4B-00C04F79EFBC}") = "SalesLibraries.FileManager", "SalesLibraries.FileManager\SalesLibraries.FileManager.csproj", "{3223EC26-E88B-4E9A-A8C0-72E49177E3FD}"
EndProject
Project("{FAE04EC0-301F-11D3-BF4B-00C04F79EFBC}") = "SalesLibraries.Business", "SalesLibraries.Business\SalesLibraries.Business.csproj", "{526944F8-7B85-48CE-81F1-43AE041A321F}"
EndProject
Project("{FAE04EC0-301F-11D3-BF4B-00C04F79EFBC}") = "SalesLibraries.CommonGUI", "SalesLibraries.CommonGUI\SalesLibraries.CommonGUI.csproj", "{03639419-D148-4814-B8C1-CF0AB550D136}"
EndProject
Project("{FAE04EC0-301F-11D3-BF4B-00C04F79EFBC}") = "SalesLibraries.Common", "SalesLibraries.Common\SalesLibraries.Common.csproj", "{F35DC0D8-6816-4033-A5E2-D446C7A956FE}"
EndProject
Project("{FAE04EC0-301F-11D3-BF4B-00C04F79EFBC}") = "SalesLibraries.Legacy", "SalesLibraries.Legacy\SalesLibraries.Legacy.csproj", "{E689F89C-294F-45F3-85EB-1CC60DFAFDCF}"
EndProject
Project("{FAE04EC0-301F-11D3-BF4B-00C04F79EFBC}") = "SalesLibraries.ServiceConnector", "SalesLibraries.ServiceConnector\SalesLibraries.ServiceConnector.csproj", "{900CCF99-921A-4E35-8686-C85D48263785}"
EndProject
Project("{FAE04EC0-301F-11D3-BF4B-00C04F79EFBC}") = "SalesLibraries.SalesDepot", "SalesLibraries.SalesDepot\SalesLibraries.SalesDepot.csproj", "{3E306160-3DF5-48FA-B4D9-F66D5ED1A2D6}"
EndProject
Global
	GlobalSection(SolutionConfigurationPlatforms) = preSolution
		Debug|Any CPU = Debug|Any CPU
		Release|Any CPU = Release|Any CPU
	EndGlobalSection
	GlobalSection(ProjectConfigurationPlatforms) = postSolution
		{3223EC26-E88B-4E9A-A8C0-72E49177E3FD}.Debug|Any CPU.ActiveCfg = Debug|Any CPU
		{3223EC26-E88B-4E9A-A8C0-72E49177E3FD}.Debug|Any CPU.Build.0 = Debug|Any CPU
		{3223EC26-E88B-4E9A-A8C0-72E49177E3FD}.Debug|Any CPU.Deploy.0 = Debug|Any CPU
		{3223EC26-E88B-4E9A-A8C0-72E49177E3FD}.Release|Any CPU.ActiveCfg = Release|Any CPU
		{3223EC26-E88B-4E9A-A8C0-72E49177E3FD}.Release|Any CPU.Build.0 = Release|Any CPU
		{526944F8-7B85-48CE-81F1-43AE041A321F}.Debug|Any CPU.ActiveCfg = Debug|Any CPU
		{526944F8-7B85-48CE-81F1-43AE041A321F}.Debug|Any CPU.Build.0 = Debug|Any CPU
		{526944F8-7B85-48CE-81F1-43AE041A321F}.Debug|Any CPU.Deploy.0 = Debug|Any CPU
		{526944F8-7B85-48CE-81F1-43AE041A321F}.Release|Any CPU.ActiveCfg = Release|Any CPU
		{526944F8-7B85-48CE-81F1-43AE041A321F}.Release|Any CPU.Build.0 = Release|Any CPU
		{03639419-D148-4814-B8C1-CF0AB550D136}.Debug|Any CPU.ActiveCfg = Debug|Any CPU
		{03639419-D148-4814-B8C1-CF0AB550D136}.Debug|Any CPU.Build.0 = Debug|Any CPU
		{03639419-D148-4814-B8C1-CF0AB550D136}.Release|Any CPU.ActiveCfg = Release|Any CPU
		{03639419-D148-4814-B8C1-CF0AB550D136}.Release|Any CPU.Build.0 = Release|Any CPU
		{F35DC0D8-6816-4033-A5E2-D446C7A956FE}.Debug|Any CPU.ActiveCfg = Debug|Any CPU
		{F35DC0D8-6816-4033-A5E2-D446C7A956FE}.Debug|Any CPU.Build.0 = Debug|Any CPU
		{F35DC0D8-6816-4033-A5E2-D446C7A956FE}.Release|Any CPU.ActiveCfg = Release|Any CPU
		{F35DC0D8-6816-4033-A5E2-D446C7A956FE}.Release|Any CPU.Build.0 = Release|Any CPU
		{E689F89C-294F-45F3-85EB-1CC60DFAFDCF}.Debug|Any CPU.ActiveCfg = Debug|Any CPU
		{E689F89C-294F-45F3-85EB-1CC60DFAFDCF}.Debug|Any CPU.Build.0 = Debug|Any CPU
		{E689F89C-294F-45F3-85EB-1CC60DFAFDCF}.Release|Any CPU.ActiveCfg = Release|Any CPU
		{E689F89C-294F-45F3-85EB-1CC60DFAFDCF}.Release|Any CPU.Build.0 = Release|Any CPU
		{900CCF99-921A-4E35-8686-C85D48263785}.Debug|Any CPU.ActiveCfg = Debug|Any CPU
		{900CCF99-921A-4E35-8686-C85D48263785}.Debug|Any CPU.Build.0 = Debug|Any CPU
		{900CCF99-921A-4E35-8686-C85D48263785}.Release|Any CPU.ActiveCfg = Release|Any CPU
		{900CCF99-921A-4E35-8686-C85D48263785}.Release|Any CPU.Build.0 = Release|Any CPU
		{3E306160-3DF5-48FA-B4D9-F66D5ED1A2D6}.Debug|Any CPU.ActiveCfg = Debug|Any CPU
		{3E306160-3DF5-48FA-B4D9-F66D5ED1A2D6}.Debug|Any CPU.Build.0 = Debug|Any CPU
		{3E306160-3DF5-48FA-B4D9-F66D5ED1A2D6}.Release|Any CPU.ActiveCfg = Release|Any CPU
		{3E306160-3DF5-48FA-B4D9-F66D5ED1A2D6}.Release|Any CPU.Build.0 = Release|Any CPU
	EndGlobalSection
	GlobalSection(SolutionProperties) = preSolution
		HideSolutionNode = FALSE
	EndGlobalSection
EndGlobal
