
Microsoft Visual Studio Solution File, Format Version 11.00
# Visual Studio 2010
Project("{FAE04EC0-301F-11D3-BF4B-00C04F79EFBC}") = "FileManager", "FileManager\FileManager.csproj", "{5EC861C6-F389-4F99-9B01-0EE84D7645DF}"
EndProject
Project("{FAE04EC0-301F-11D3-BF4B-00C04F79EFBC}") = "FMArchiver", "FMArchiver\FMArchiver.csproj", "{FCC35BB3-8295-45C0-B554-A35B434454F1}"
EndProject
Project("{FAE04EC0-301F-11D3-BF4B-00C04F79EFBC}") = "SalesDepot", "SalesDepot\SalesDepot.csproj", "{91A63D2B-BEE3-44D7-A100-CEBF5501B795}"
EndProject
Project("{FAE04EC0-301F-11D3-BF4B-00C04F79EFBC}") = "OldFormatLoader", "OldFormatLoader\OldFormatLoader.csproj", "{07E5E9EC-8E52-4E68-9507-8B4E70EABA0A}"
EndProject
Project("{FAE04EC0-301F-11D3-BF4B-00C04F79EFBC}") = "ImageListView", "ImageListView\ImageListView.csproj", "{0C295FB8-C6C6-4A40-9F19-05A43F353A04}"
EndProject
Project("{FAE04EC0-301F-11D3-BF4B-00C04F79EFBC}") = "AutoSynchronizer", "AutoSynchronizer\AutoSynchronizer.csproj", "{0D217B17-07FC-4753-A229-0D781A7D2B1D}"
EndProject
Project("{FAE04EC0-301F-11D3-BF4B-00C04F79EFBC}") = "OvernightsCalendarConverter", "OvernightsCalendarConverter\OvernightsCalendarConverter.csproj", "{87DB2A84-022A-458D-B13C-BE9B58054E75}"
EndProject
Project("{FAE04EC0-301F-11D3-BF4B-00C04F79EFBC}") = "OvernightsCalendarSplitter", "OvernightsCalendarSplitter\OvernightsCalendarSplitter.csproj", "{24F446FC-8DE6-4BC2-9EB9-8708D7F38F79}"
EndProject
Project("{FAE04EC0-301F-11D3-BF4B-00C04F79EFBC}") = "SalesDepot.CoreObjects", "SalesDepot.CoreObjects\SalesDepot.CoreObjects.csproj", "{141D1B4B-2FE9-425D-9196-4439FC0CD57D}"
EndProject
Project("{FAE04EC0-301F-11D3-BF4B-00C04F79EFBC}") = "SalesDepot.Cloner", "SalesDepot.Cloner\SalesDepot.Cloner.csproj", "{0BCBD864-D043-4BEE-9266-340F10C64CAA}"
EndProject
Project("{FAE04EC0-301F-11D3-BF4B-00C04F79EFBC}") = "SalesDepot.SiteManager", "SiteManager\SalesDepot.SiteManager.csproj", "{DD5FB7D5-6358-4DC4-87C7-EDA57B7F8BBB}"
EndProject
Global
	GlobalSection(SolutionConfigurationPlatforms) = preSolution
		Debug|Any CPU = Debug|Any CPU
		Debug|Mixed Platforms = Debug|Mixed Platforms
		Debug|x86 = Debug|x86
		Release|Any CPU = Release|Any CPU
		Release|Mixed Platforms = Release|Mixed Platforms
		Release|x86 = Release|x86
	EndGlobalSection
	GlobalSection(ProjectConfigurationPlatforms) = postSolution
		{5EC861C6-F389-4F99-9B01-0EE84D7645DF}.Debug|Any CPU.ActiveCfg = Debug|Any CPU
		{5EC861C6-F389-4F99-9B01-0EE84D7645DF}.Debug|Any CPU.Build.0 = Debug|Any CPU
		{5EC861C6-F389-4F99-9B01-0EE84D7645DF}.Debug|Mixed Platforms.ActiveCfg = Debug|Any CPU
		{5EC861C6-F389-4F99-9B01-0EE84D7645DF}.Debug|Mixed Platforms.Build.0 = Debug|Any CPU
		{5EC861C6-F389-4F99-9B01-0EE84D7645DF}.Debug|x86.ActiveCfg = Debug|Any CPU
		{5EC861C6-F389-4F99-9B01-0EE84D7645DF}.Release|Any CPU.ActiveCfg = Release|Any CPU
		{5EC861C6-F389-4F99-9B01-0EE84D7645DF}.Release|Any CPU.Build.0 = Release|Any CPU
		{5EC861C6-F389-4F99-9B01-0EE84D7645DF}.Release|Mixed Platforms.ActiveCfg = Release|Any CPU
		{5EC861C6-F389-4F99-9B01-0EE84D7645DF}.Release|Mixed Platforms.Build.0 = Release|Any CPU
		{5EC861C6-F389-4F99-9B01-0EE84D7645DF}.Release|x86.ActiveCfg = Release|Any CPU
		{FCC35BB3-8295-45C0-B554-A35B434454F1}.Debug|Any CPU.ActiveCfg = Debug|Any CPU
		{FCC35BB3-8295-45C0-B554-A35B434454F1}.Debug|Any CPU.Build.0 = Debug|Any CPU
		{FCC35BB3-8295-45C0-B554-A35B434454F1}.Debug|Mixed Platforms.ActiveCfg = Debug|Any CPU
		{FCC35BB3-8295-45C0-B554-A35B434454F1}.Debug|Mixed Platforms.Build.0 = Debug|Any CPU
		{FCC35BB3-8295-45C0-B554-A35B434454F1}.Debug|x86.ActiveCfg = Debug|Any CPU
		{FCC35BB3-8295-45C0-B554-A35B434454F1}.Release|Any CPU.ActiveCfg = Release|Any CPU
		{FCC35BB3-8295-45C0-B554-A35B434454F1}.Release|Any CPU.Build.0 = Release|Any CPU
		{FCC35BB3-8295-45C0-B554-A35B434454F1}.Release|Mixed Platforms.ActiveCfg = Release|Any CPU
		{FCC35BB3-8295-45C0-B554-A35B434454F1}.Release|Mixed Platforms.Build.0 = Release|Any CPU
		{FCC35BB3-8295-45C0-B554-A35B434454F1}.Release|x86.ActiveCfg = Release|Any CPU
		{91A63D2B-BEE3-44D7-A100-CEBF5501B795}.Debug|Any CPU.ActiveCfg = Debug|Any CPU
		{91A63D2B-BEE3-44D7-A100-CEBF5501B795}.Debug|Any CPU.Build.0 = Debug|Any CPU
		{91A63D2B-BEE3-44D7-A100-CEBF5501B795}.Debug|Mixed Platforms.ActiveCfg = Debug|Any CPU
		{91A63D2B-BEE3-44D7-A100-CEBF5501B795}.Debug|Mixed Platforms.Build.0 = Debug|Any CPU
		{91A63D2B-BEE3-44D7-A100-CEBF5501B795}.Debug|x86.ActiveCfg = Debug|Any CPU
		{91A63D2B-BEE3-44D7-A100-CEBF5501B795}.Release|Any CPU.ActiveCfg = Release|Any CPU
		{91A63D2B-BEE3-44D7-A100-CEBF5501B795}.Release|Any CPU.Build.0 = Release|Any CPU
		{91A63D2B-BEE3-44D7-A100-CEBF5501B795}.Release|Mixed Platforms.ActiveCfg = Release|Any CPU
		{91A63D2B-BEE3-44D7-A100-CEBF5501B795}.Release|Mixed Platforms.Build.0 = Release|Any CPU
		{91A63D2B-BEE3-44D7-A100-CEBF5501B795}.Release|x86.ActiveCfg = Release|Any CPU
		{07E5E9EC-8E52-4E68-9507-8B4E70EABA0A}.Debug|Any CPU.ActiveCfg = Debug|Any CPU
		{07E5E9EC-8E52-4E68-9507-8B4E70EABA0A}.Debug|Any CPU.Build.0 = Debug|Any CPU
		{07E5E9EC-8E52-4E68-9507-8B4E70EABA0A}.Debug|Mixed Platforms.ActiveCfg = Debug|Any CPU
		{07E5E9EC-8E52-4E68-9507-8B4E70EABA0A}.Debug|Mixed Platforms.Build.0 = Debug|Any CPU
		{07E5E9EC-8E52-4E68-9507-8B4E70EABA0A}.Debug|x86.ActiveCfg = Debug|Any CPU
		{07E5E9EC-8E52-4E68-9507-8B4E70EABA0A}.Release|Any CPU.ActiveCfg = Release|Any CPU
		{07E5E9EC-8E52-4E68-9507-8B4E70EABA0A}.Release|Any CPU.Build.0 = Release|Any CPU
		{07E5E9EC-8E52-4E68-9507-8B4E70EABA0A}.Release|Mixed Platforms.ActiveCfg = Release|Any CPU
		{07E5E9EC-8E52-4E68-9507-8B4E70EABA0A}.Release|Mixed Platforms.Build.0 = Release|Any CPU
		{07E5E9EC-8E52-4E68-9507-8B4E70EABA0A}.Release|x86.ActiveCfg = Release|Any CPU
		{0C295FB8-C6C6-4A40-9F19-05A43F353A04}.Debug|Any CPU.ActiveCfg = Debug|Any CPU
		{0C295FB8-C6C6-4A40-9F19-05A43F353A04}.Debug|Any CPU.Build.0 = Debug|Any CPU
		{0C295FB8-C6C6-4A40-9F19-05A43F353A04}.Debug|Mixed Platforms.ActiveCfg = Debug|Any CPU
		{0C295FB8-C6C6-4A40-9F19-05A43F353A04}.Debug|Mixed Platforms.Build.0 = Debug|Any CPU
		{0C295FB8-C6C6-4A40-9F19-05A43F353A04}.Debug|x86.ActiveCfg = Debug|Any CPU
		{0C295FB8-C6C6-4A40-9F19-05A43F353A04}.Release|Any CPU.ActiveCfg = Release|Any CPU
		{0C295FB8-C6C6-4A40-9F19-05A43F353A04}.Release|Any CPU.Build.0 = Release|Any CPU
		{0C295FB8-C6C6-4A40-9F19-05A43F353A04}.Release|Mixed Platforms.ActiveCfg = Release|Any CPU
		{0C295FB8-C6C6-4A40-9F19-05A43F353A04}.Release|Mixed Platforms.Build.0 = Release|Any CPU
		{0C295FB8-C6C6-4A40-9F19-05A43F353A04}.Release|x86.ActiveCfg = Release|Any CPU
		{0D217B17-07FC-4753-A229-0D781A7D2B1D}.Debug|Any CPU.ActiveCfg = Debug|x86
		{0D217B17-07FC-4753-A229-0D781A7D2B1D}.Debug|Mixed Platforms.ActiveCfg = Debug|x86
		{0D217B17-07FC-4753-A229-0D781A7D2B1D}.Debug|Mixed Platforms.Build.0 = Debug|x86
		{0D217B17-07FC-4753-A229-0D781A7D2B1D}.Debug|x86.ActiveCfg = Debug|x86
		{0D217B17-07FC-4753-A229-0D781A7D2B1D}.Debug|x86.Build.0 = Debug|x86
		{0D217B17-07FC-4753-A229-0D781A7D2B1D}.Release|Any CPU.ActiveCfg = Release|x86
		{0D217B17-07FC-4753-A229-0D781A7D2B1D}.Release|Mixed Platforms.ActiveCfg = Release|x86
		{0D217B17-07FC-4753-A229-0D781A7D2B1D}.Release|Mixed Platforms.Build.0 = Release|x86
		{0D217B17-07FC-4753-A229-0D781A7D2B1D}.Release|x86.ActiveCfg = Release|x86
		{0D217B17-07FC-4753-A229-0D781A7D2B1D}.Release|x86.Build.0 = Release|x86
		{87DB2A84-022A-458D-B13C-BE9B58054E75}.Debug|Any CPU.ActiveCfg = Debug|x86
		{87DB2A84-022A-458D-B13C-BE9B58054E75}.Debug|Mixed Platforms.ActiveCfg = Debug|x86
		{87DB2A84-022A-458D-B13C-BE9B58054E75}.Debug|Mixed Platforms.Build.0 = Debug|x86
		{87DB2A84-022A-458D-B13C-BE9B58054E75}.Debug|x86.ActiveCfg = Debug|x86
		{87DB2A84-022A-458D-B13C-BE9B58054E75}.Debug|x86.Build.0 = Debug|x86
		{87DB2A84-022A-458D-B13C-BE9B58054E75}.Release|Any CPU.ActiveCfg = Release|x86
		{87DB2A84-022A-458D-B13C-BE9B58054E75}.Release|Mixed Platforms.ActiveCfg = Release|x86
		{87DB2A84-022A-458D-B13C-BE9B58054E75}.Release|Mixed Platforms.Build.0 = Release|x86
		{87DB2A84-022A-458D-B13C-BE9B58054E75}.Release|x86.ActiveCfg = Release|x86
		{87DB2A84-022A-458D-B13C-BE9B58054E75}.Release|x86.Build.0 = Release|x86
		{24F446FC-8DE6-4BC2-9EB9-8708D7F38F79}.Debug|Any CPU.ActiveCfg = Debug|x86
		{24F446FC-8DE6-4BC2-9EB9-8708D7F38F79}.Debug|Mixed Platforms.ActiveCfg = Debug|x86
		{24F446FC-8DE6-4BC2-9EB9-8708D7F38F79}.Debug|Mixed Platforms.Build.0 = Debug|x86
		{24F446FC-8DE6-4BC2-9EB9-8708D7F38F79}.Debug|x86.ActiveCfg = Debug|x86
		{24F446FC-8DE6-4BC2-9EB9-8708D7F38F79}.Debug|x86.Build.0 = Debug|x86
		{24F446FC-8DE6-4BC2-9EB9-8708D7F38F79}.Release|Any CPU.ActiveCfg = Release|x86
		{24F446FC-8DE6-4BC2-9EB9-8708D7F38F79}.Release|Mixed Platforms.ActiveCfg = Release|x86
		{24F446FC-8DE6-4BC2-9EB9-8708D7F38F79}.Release|Mixed Platforms.Build.0 = Release|x86
		{24F446FC-8DE6-4BC2-9EB9-8708D7F38F79}.Release|x86.ActiveCfg = Release|x86
		{24F446FC-8DE6-4BC2-9EB9-8708D7F38F79}.Release|x86.Build.0 = Release|x86
		{141D1B4B-2FE9-425D-9196-4439FC0CD57D}.Debug|Any CPU.ActiveCfg = Debug|Any CPU
		{141D1B4B-2FE9-425D-9196-4439FC0CD57D}.Debug|Any CPU.Build.0 = Debug|Any CPU
		{141D1B4B-2FE9-425D-9196-4439FC0CD57D}.Debug|Mixed Platforms.ActiveCfg = Debug|Any CPU
		{141D1B4B-2FE9-425D-9196-4439FC0CD57D}.Debug|Mixed Platforms.Build.0 = Debug|Any CPU
		{141D1B4B-2FE9-425D-9196-4439FC0CD57D}.Debug|x86.ActiveCfg = Debug|Any CPU
		{141D1B4B-2FE9-425D-9196-4439FC0CD57D}.Release|Any CPU.ActiveCfg = Release|Any CPU
		{141D1B4B-2FE9-425D-9196-4439FC0CD57D}.Release|Any CPU.Build.0 = Release|Any CPU
		{141D1B4B-2FE9-425D-9196-4439FC0CD57D}.Release|Mixed Platforms.ActiveCfg = Release|Any CPU
		{141D1B4B-2FE9-425D-9196-4439FC0CD57D}.Release|Mixed Platforms.Build.0 = Release|Any CPU
		{141D1B4B-2FE9-425D-9196-4439FC0CD57D}.Release|x86.ActiveCfg = Release|Any CPU
		{0BCBD864-D043-4BEE-9266-340F10C64CAA}.Debug|Any CPU.ActiveCfg = Debug|x86
		{0BCBD864-D043-4BEE-9266-340F10C64CAA}.Debug|Mixed Platforms.ActiveCfg = Debug|x86
		{0BCBD864-D043-4BEE-9266-340F10C64CAA}.Debug|Mixed Platforms.Build.0 = Debug|x86
		{0BCBD864-D043-4BEE-9266-340F10C64CAA}.Debug|x86.ActiveCfg = Debug|x86
		{0BCBD864-D043-4BEE-9266-340F10C64CAA}.Debug|x86.Build.0 = Debug|x86
		{0BCBD864-D043-4BEE-9266-340F10C64CAA}.Release|Any CPU.ActiveCfg = Release|x86
		{0BCBD864-D043-4BEE-9266-340F10C64CAA}.Release|Mixed Platforms.ActiveCfg = Release|x86
		{0BCBD864-D043-4BEE-9266-340F10C64CAA}.Release|Mixed Platforms.Build.0 = Release|x86
		{0BCBD864-D043-4BEE-9266-340F10C64CAA}.Release|x86.ActiveCfg = Release|x86
		{0BCBD864-D043-4BEE-9266-340F10C64CAA}.Release|x86.Build.0 = Release|x86
		{DD5FB7D5-6358-4DC4-87C7-EDA57B7F8BBB}.Debug|Any CPU.ActiveCfg = Debug|x86
		{DD5FB7D5-6358-4DC4-87C7-EDA57B7F8BBB}.Debug|Mixed Platforms.ActiveCfg = Debug|x86
		{DD5FB7D5-6358-4DC4-87C7-EDA57B7F8BBB}.Debug|Mixed Platforms.Build.0 = Debug|x86
		{DD5FB7D5-6358-4DC4-87C7-EDA57B7F8BBB}.Debug|x86.ActiveCfg = Debug|x86
		{DD5FB7D5-6358-4DC4-87C7-EDA57B7F8BBB}.Debug|x86.Build.0 = Debug|x86
		{DD5FB7D5-6358-4DC4-87C7-EDA57B7F8BBB}.Release|Any CPU.ActiveCfg = Release|x86
		{DD5FB7D5-6358-4DC4-87C7-EDA57B7F8BBB}.Release|Mixed Platforms.ActiveCfg = Release|x86
		{DD5FB7D5-6358-4DC4-87C7-EDA57B7F8BBB}.Release|Mixed Platforms.Build.0 = Release|x86
		{DD5FB7D5-6358-4DC4-87C7-EDA57B7F8BBB}.Release|x86.ActiveCfg = Release|x86
		{DD5FB7D5-6358-4DC4-87C7-EDA57B7F8BBB}.Release|x86.Build.0 = Release|x86
	EndGlobalSection
	GlobalSection(SolutionProperties) = preSolution
		HideSolutionNode = FALSE
	EndGlobalSection
EndGlobal
